// !$*UTF8*$!
{
	archiveVersion = 1;
	classes = {
	};
	objectVersion = 50;
	objects = {

/* Begin PBXBuildFile section */
		9A06E98B2191C3F400BE4FEF /* BaseViewModel.swift in Sources */ = {isa = PBXBuildFile; fileRef = 9A06E98A2191C3F400BE4FEF /* BaseViewModel.swift */; };
		9A3A3345219D3BE0007327C8 /* UIView+AutoLayout.swift in Sources */ = {isa = PBXBuildFile; fileRef = 9A3A3344219D3BE0007327C8 /* UIView+AutoLayout.swift */; };
		9A8004AD219A9D1100BDF849 /* UserDefaultHelper.swift in Sources */ = {isa = PBXBuildFile; fileRef = 9A8004AC219A9D1100BDF849 /* UserDefaultHelper.swift */; };
		9AA5EE03215E50ED0037CBAA /* AppDelegate.swift in Sources */ = {isa = PBXBuildFile; fileRef = 9AA5EE02215E50ED0037CBAA /* AppDelegate.swift */; };
		9AA5EE05215E50ED0037CBAA /* ViewController.swift in Sources */ = {isa = PBXBuildFile; fileRef = 9AA5EE04215E50ED0037CBAA /* ViewController.swift */; };
		9AA5EE08215E50ED0037CBAA /* Main.storyboard in Resources */ = {isa = PBXBuildFile; fileRef = 9AA5EE06215E50ED0037CBAA /* Main.storyboard */; };
		9AA5EE0B215E50ED0037CBAA /* ReusableModules.xcdatamodeld in Sources */ = {isa = PBXBuildFile; fileRef = 9AA5EE09215E50ED0037CBAA /* ReusableModules.xcdatamodeld */; };
		9AA5EE0D215E50EF0037CBAA /* Assets.xcassets in Resources */ = {isa = PBXBuildFile; fileRef = 9AA5EE0C215E50EF0037CBAA /* Assets.xcassets */; };
		9AA5EE10215E50EF0037CBAA /* LaunchScreen.storyboard in Resources */ = {isa = PBXBuildFile; fileRef = 9AA5EE0E215E50EF0037CBAA /* LaunchScreen.storyboard */; };
		9AA5EE1B215E50EF0037CBAA /* ReusableModulesTests.swift in Sources */ = {isa = PBXBuildFile; fileRef = 9AA5EE1A215E50EF0037CBAA /* ReusableModulesTests.swift */; };
		9AA5EE26215E50EF0037CBAA /* ReusableModulesUITests.swift in Sources */ = {isa = PBXBuildFile; fileRef = 9AA5EE25215E50EF0037CBAA /* ReusableModulesUITests.swift */; };
		9AA5EE49215E519D0037CBAA /* App+Extension.swift in Sources */ = {isa = PBXBuildFile; fileRef = 9AA5EE34215E519D0037CBAA /* App+Extension.swift */; };
		9AA5EE4A215E519D0037CBAA /* CLLocation+Extenstion.swift in Sources */ = {isa = PBXBuildFile; fileRef = 9AA5EE35215E519D0037CBAA /* CLLocation+Extenstion.swift */; };
		9AA5EE4B215E519D0037CBAA /* CLPlacemark+Extention.swift in Sources */ = {isa = PBXBuildFile; fileRef = 9AA5EE36215E519D0037CBAA /* CLPlacemark+Extention.swift */; };
		9AA5EE4C215E519D0037CBAA /* Decodable+Helper.swift in Sources */ = {isa = PBXBuildFile; fileRef = 9AA5EE37215E519D0037CBAA /* Decodable+Helper.swift */; };
		9AA5EE4D215E519D0037CBAA /* Enum+Extension.swift in Sources */ = {isa = PBXBuildFile; fileRef = 9AA5EE38215E519D0037CBAA /* Enum+Extension.swift */; };
		9AA5EE4E215E519D0037CBAA /* FavExtenstion.swift in Sources */ = {isa = PBXBuildFile; fileRef = 9AA5EE39215E519D0037CBAA /* FavExtenstion.swift */; };
		9AA5EE4F215E519D0037CBAA /* Foundation+Extension.swift in Sources */ = {isa = PBXBuildFile; fileRef = 9AA5EE3A215E519D0037CBAA /* Foundation+Extension.swift */; };
		9AA5EE50215E519D0037CBAA /* GMSMapView+Extension.swift in Sources */ = {isa = PBXBuildFile; fileRef = 9AA5EE3B215E519D0037CBAA /* GMSMapView+Extension.swift */; };
		9AA5EE51215E519D0037CBAA /* String+Extension.swift in Sources */ = {isa = PBXBuildFile; fileRef = 9AA5EE3C215E519D0037CBAA /* String+Extension.swift */; };
		9AA5EE52215E519D0037CBAA /* String+Localization.swift in Sources */ = {isa = PBXBuildFile; fileRef = 9AA5EE3D215E519D0037CBAA /* String+Localization.swift */; };
		9AA5EE53215E519D0037CBAA /* UIAlertController+Extension.swift in Sources */ = {isa = PBXBuildFile; fileRef = 9AA5EE3E215E519D0037CBAA /* UIAlertController+Extension.swift */; };
		9AA5EE54215E519D0037CBAA /* UIAlertController+TextField.swift in Sources */ = {isa = PBXBuildFile; fileRef = 9AA5EE3F215E519D0037CBAA /* UIAlertController+TextField.swift */; };
		9AA5EE55215E519D0037CBAA /* UICollectionView+Extension.swift in Sources */ = {isa = PBXBuildFile; fileRef = 9AA5EE40215E519D0037CBAA /* UICollectionView+Extension.swift */; };
		9AA5EE56215E519D0037CBAA /* UIImage+Extension.swift in Sources */ = {isa = PBXBuildFile; fileRef = 9AA5EE41215E519D0037CBAA /* UIImage+Extension.swift */; };
		9AA5EE57215E519D0037CBAA /* UIKit+Localized.swift in Sources */ = {isa = PBXBuildFile; fileRef = 9AA5EE42215E519D0037CBAA /* UIKit+Localized.swift */; };
		9AA5EE58215E519D0037CBAA /* UINavigationViewController+Extenstion.swift in Sources */ = {isa = PBXBuildFile; fileRef = 9AA5EE43215E519D0037CBAA /* UINavigationViewController+Extenstion.swift */; };
		9AA5EE59215E519D0037CBAA /* UISearchBar+Extension.swift in Sources */ = {isa = PBXBuildFile; fileRef = 9AA5EE44215E519D0037CBAA /* UISearchBar+Extension.swift */; };
		9AA5EE5A215E519D0037CBAA /* UITableView+Extension.swift in Sources */ = {isa = PBXBuildFile; fileRef = 9AA5EE45215E519D0037CBAA /* UITableView+Extension.swift */; };
		9AA5EE5B215E519D0037CBAA /* UITextField+Extenstion.swift in Sources */ = {isa = PBXBuildFile; fileRef = 9AA5EE46215E519D0037CBAA /* UITextField+Extenstion.swift */; };
		9AA5EE5C215E519D0037CBAA /* UIView+Extension.swift in Sources */ = {isa = PBXBuildFile; fileRef = 9AA5EE47215E519D0037CBAA /* UIView+Extension.swift */; };
		9AA5EE5D215E519D0037CBAA /* UIViewController+Extension.swift in Sources */ = {isa = PBXBuildFile; fileRef = 9AA5EE48215E519D0037CBAA /* UIViewController+Extension.swift */; };
		9AA5EE5F215E526E0037CBAA /* Extenstion+Tests.swift in Sources */ = {isa = PBXBuildFile; fileRef = 9AA5EE5E215E526E0037CBAA /* Extenstion+Tests.swift */; };
		9AA5EE61215E53500037CBAA /* Application+Helper.swift in Sources */ = {isa = PBXBuildFile; fileRef = 9AA5EE60215E53500037CBAA /* Application+Helper.swift */; };
		9AA5EE71215E53CB0037CBAA /* BadgedBarButtonItem.swift in Sources */ = {isa = PBXBuildFile; fileRef = 9AA5EE63215E53CB0037CBAA /* BadgedBarButtonItem.swift */; };
		9AA5EE72215E53CB0037CBAA /* BaseTableViewController.swift in Sources */ = {isa = PBXBuildFile; fileRef = 9AA5EE64215E53CB0037CBAA /* BaseTableViewController.swift */; };
		9AA5EE73215E53CB0037CBAA /* BaseViewController.swift in Sources */ = {isa = PBXBuildFile; fileRef = 9AA5EE65215E53CB0037CBAA /* BaseViewController.swift */; };
		9AA5EE74215E53CB0037CBAA /* BlackContainerView.swift in Sources */ = {isa = PBXBuildFile; fileRef = 9AA5EE66215E53CB0037CBAA /* BlackContainerView.swift */; };
		9AA5EE75215E53CB0037CBAA /* CacheImageView.swift in Sources */ = {isa = PBXBuildFile; fileRef = 9AA5EE67215E53CB0037CBAA /* CacheImageView.swift */; };
		9AA5EE76215E53CB0037CBAA /* KeyChainItem.swift in Sources */ = {isa = PBXBuildFile; fileRef = 9AA5EE68215E53CB0037CBAA /* KeyChainItem.swift */; };
		9AA5EE77215E53CB0037CBAA /* Localization.swift in Sources */ = {isa = PBXBuildFile; fileRef = 9AA5EE69215E53CB0037CBAA /* Localization.swift */; };
		9AA5EE78215E53CB0037CBAA /* LocationTracker.swift in Sources */ = {isa = PBXBuildFile; fileRef = 9AA5EE6A215E53CB0037CBAA /* LocationTracker.swift */; };
		9AA5EE79215E53CB0037CBAA /* ProgressView.swift in Sources */ = {isa = PBXBuildFile; fileRef = 9AA5EE6B215E53CB0037CBAA /* ProgressView.swift */; };
		9AA5EE7A215E53CB0037CBAA /* RangeSlider.swift in Sources */ = {isa = PBXBuildFile; fileRef = 9AA5EE6C215E53CB0037CBAA /* RangeSlider.swift */; };
		9AA5EE7B215E53CB0037CBAA /* RangeSliderThumbLayer.swift in Sources */ = {isa = PBXBuildFile; fileRef = 9AA5EE6D215E53CB0037CBAA /* RangeSliderThumbLayer.swift */; };
		9AA5EE7C215E53CB0037CBAA /* RangeSliderTrackerLayer.swift in Sources */ = {isa = PBXBuildFile; fileRef = 9AA5EE6E215E53CB0037CBAA /* RangeSliderTrackerLayer.swift */; };
		9AA5EE7D215E53CB0037CBAA /* RatingControl.swift in Sources */ = {isa = PBXBuildFile; fileRef = 9AA5EE6F215E53CB0037CBAA /* RatingControl.swift */; };
		9AA5EE7E215E53CB0037CBAA /* SwiftyButton.swift in Sources */ = {isa = PBXBuildFile; fileRef = 9AA5EE70215E53CB0037CBAA /* SwiftyButton.swift */; };
		9AA5EE81215E53F90037CBAA /* ContainerViewController.swift in Sources */ = {isa = PBXBuildFile; fileRef = 9AA5EE7F215E53F80037CBAA /* ContainerViewController.swift */; };
		9AA5EE82215E53F90037CBAA /* SideMenuViewController.swift in Sources */ = {isa = PBXBuildFile; fileRef = 9AA5EE80215E53F80037CBAA /* SideMenuViewController.swift */; };
		9AA5EE89215E543D0037CBAA /* MenuItemCell.swift in Sources */ = {isa = PBXBuildFile; fileRef = 9AA5EE87215E543C0037CBAA /* MenuItemCell.swift */; };
/* End PBXBuildFile section */

/* Begin PBXContainerItemProxy section */
		9AA5EE17215E50EF0037CBAA /* PBXContainerItemProxy */ = {
			isa = PBXContainerItemProxy;
			containerPortal = 9AA5EDF7215E50ED0037CBAA /* Project object */;
			proxyType = 1;
			remoteGlobalIDString = 9AA5EDFE215E50ED0037CBAA;
			remoteInfo = ReusableModules;
		};
		9AA5EE22215E50EF0037CBAA /* PBXContainerItemProxy */ = {
			isa = PBXContainerItemProxy;
			containerPortal = 9AA5EDF7215E50ED0037CBAA /* Project object */;
			proxyType = 1;
			remoteGlobalIDString = 9AA5EDFE215E50ED0037CBAA;
			remoteInfo = ReusableModules;
		};
/* End PBXContainerItemProxy section */

/* Begin PBXFileReference section */
		9A06E98A2191C3F400BE4FEF /* BaseViewModel.swift */ = {isa = PBXFileReference; lastKnownFileType = sourcecode.swift; path = BaseViewModel.swift; sourceTree = "<group>"; };
		9A3A3344219D3BE0007327C8 /* UIView+AutoLayout.swift */ = {isa = PBXFileReference; lastKnownFileType = sourcecode.swift; path = "UIView+AutoLayout.swift"; sourceTree = "<group>"; };
		9A8004AC219A9D1100BDF849 /* UserDefaultHelper.swift */ = {isa = PBXFileReference; fileEncoding = 4; lastKnownFileType = sourcecode.swift; path = UserDefaultHelper.swift; sourceTree = "<group>"; };
		9AA5EDFF215E50ED0037CBAA /* ReusableModules.app */ = {isa = PBXFileReference; explicitFileType = wrapper.application; includeInIndex = 0; path = ReusableModules.app; sourceTree = BUILT_PRODUCTS_DIR; };
		9AA5EE02215E50ED0037CBAA /* AppDelegate.swift */ = {isa = PBXFileReference; lastKnownFileType = sourcecode.swift; path = AppDelegate.swift; sourceTree = "<group>"; };
		9AA5EE04215E50ED0037CBAA /* ViewController.swift */ = {isa = PBXFileReference; lastKnownFileType = sourcecode.swift; path = ViewController.swift; sourceTree = "<group>"; };
		9AA5EE07215E50ED0037CBAA /* Base */ = {isa = PBXFileReference; lastKnownFileType = file.storyboard; name = Base; path = Base.lproj/Main.storyboard; sourceTree = "<group>"; };
		9AA5EE0A215E50ED0037CBAA /* ReusableModules.xcdatamodel */ = {isa = PBXFileReference; lastKnownFileType = wrapper.xcdatamodel; path = ReusableModules.xcdatamodel; sourceTree = "<group>"; };
		9AA5EE0C215E50EF0037CBAA /* Assets.xcassets */ = {isa = PBXFileReference; lastKnownFileType = folder.assetcatalog; path = Assets.xcassets; sourceTree = "<group>"; };
		9AA5EE0F215E50EF0037CBAA /* Base */ = {isa = PBXFileReference; lastKnownFileType = file.storyboard; name = Base; path = Base.lproj/LaunchScreen.storyboard; sourceTree = "<group>"; };
		9AA5EE11215E50EF0037CBAA /* Info.plist */ = {isa = PBXFileReference; lastKnownFileType = text.plist.xml; path = Info.plist; sourceTree = "<group>"; };
		9AA5EE16215E50EF0037CBAA /* ReusableModulesTests.xctest */ = {isa = PBXFileReference; explicitFileType = wrapper.cfbundle; includeInIndex = 0; path = ReusableModulesTests.xctest; sourceTree = BUILT_PRODUCTS_DIR; };
		9AA5EE1A215E50EF0037CBAA /* ReusableModulesTests.swift */ = {isa = PBXFileReference; lastKnownFileType = sourcecode.swift; path = ReusableModulesTests.swift; sourceTree = "<group>"; };
		9AA5EE1C215E50EF0037CBAA /* Info.plist */ = {isa = PBXFileReference; lastKnownFileType = text.plist.xml; path = Info.plist; sourceTree = "<group>"; };
		9AA5EE21215E50EF0037CBAA /* ReusableModulesUITests.xctest */ = {isa = PBXFileReference; explicitFileType = wrapper.cfbundle; includeInIndex = 0; path = ReusableModulesUITests.xctest; sourceTree = BUILT_PRODUCTS_DIR; };
		9AA5EE25215E50EF0037CBAA /* ReusableModulesUITests.swift */ = {isa = PBXFileReference; lastKnownFileType = sourcecode.swift; path = ReusableModulesUITests.swift; sourceTree = "<group>"; };
		9AA5EE27215E50EF0037CBAA /* Info.plist */ = {isa = PBXFileReference; lastKnownFileType = text.plist.xml; path = Info.plist; sourceTree = "<group>"; };
		9AA5EE34215E519D0037CBAA /* App+Extension.swift */ = {isa = PBXFileReference; fileEncoding = 4; lastKnownFileType = sourcecode.swift; path = "App+Extension.swift"; sourceTree = "<group>"; };
		9AA5EE35215E519D0037CBAA /* CLLocation+Extenstion.swift */ = {isa = PBXFileReference; fileEncoding = 4; lastKnownFileType = sourcecode.swift; path = "CLLocation+Extenstion.swift"; sourceTree = "<group>"; };
		9AA5EE36215E519D0037CBAA /* CLPlacemark+Extention.swift */ = {isa = PBXFileReference; fileEncoding = 4; lastKnownFileType = sourcecode.swift; path = "CLPlacemark+Extention.swift"; sourceTree = "<group>"; };
		9AA5EE37215E519D0037CBAA /* Decodable+Helper.swift */ = {isa = PBXFileReference; fileEncoding = 4; lastKnownFileType = sourcecode.swift; path = "Decodable+Helper.swift"; sourceTree = "<group>"; };
		9AA5EE38215E519D0037CBAA /* Enum+Extension.swift */ = {isa = PBXFileReference; fileEncoding = 4; lastKnownFileType = sourcecode.swift; path = "Enum+Extension.swift"; sourceTree = "<group>"; };
		9AA5EE39215E519D0037CBAA /* FavExtenstion.swift */ = {isa = PBXFileReference; fileEncoding = 4; lastKnownFileType = sourcecode.swift; path = FavExtenstion.swift; sourceTree = "<group>"; };
		9AA5EE3A215E519D0037CBAA /* Foundation+Extension.swift */ = {isa = PBXFileReference; fileEncoding = 4; lastKnownFileType = sourcecode.swift; path = "Foundation+Extension.swift"; sourceTree = "<group>"; };
		9AA5EE3B215E519D0037CBAA /* GMSMapView+Extension.swift */ = {isa = PBXFileReference; fileEncoding = 4; lastKnownFileType = sourcecode.swift; path = "GMSMapView+Extension.swift"; sourceTree = "<group>"; };
		9AA5EE3C215E519D0037CBAA /* String+Extension.swift */ = {isa = PBXFileReference; fileEncoding = 4; lastKnownFileType = sourcecode.swift; path = "String+Extension.swift"; sourceTree = "<group>"; };
		9AA5EE3D215E519D0037CBAA /* String+Localization.swift */ = {isa = PBXFileReference; fileEncoding = 4; lastKnownFileType = sourcecode.swift; path = "String+Localization.swift"; sourceTree = "<group>"; };
		9AA5EE3E215E519D0037CBAA /* UIAlertController+Extension.swift */ = {isa = PBXFileReference; fileEncoding = 4; lastKnownFileType = sourcecode.swift; path = "UIAlertController+Extension.swift"; sourceTree = "<group>"; };
		9AA5EE3F215E519D0037CBAA /* UIAlertController+TextField.swift */ = {isa = PBXFileReference; fileEncoding = 4; lastKnownFileType = sourcecode.swift; path = "UIAlertController+TextField.swift"; sourceTree = "<group>"; };
		9AA5EE40215E519D0037CBAA /* UICollectionView+Extension.swift */ = {isa = PBXFileReference; fileEncoding = 4; lastKnownFileType = sourcecode.swift; path = "UICollectionView+Extension.swift"; sourceTree = "<group>"; };
		9AA5EE41215E519D0037CBAA /* UIImage+Extension.swift */ = {isa = PBXFileReference; fileEncoding = 4; lastKnownFileType = sourcecode.swift; path = "UIImage+Extension.swift"; sourceTree = "<group>"; };
		9AA5EE42215E519D0037CBAA /* UIKit+Localized.swift */ = {isa = PBXFileReference; fileEncoding = 4; lastKnownFileType = sourcecode.swift; path = "UIKit+Localized.swift"; sourceTree = "<group>"; };
		9AA5EE43215E519D0037CBAA /* UINavigationViewController+Extenstion.swift */ = {isa = PBXFileReference; fileEncoding = 4; lastKnownFileType = sourcecode.swift; path = "UINavigationViewController+Extenstion.swift"; sourceTree = "<group>"; };
		9AA5EE44215E519D0037CBAA /* UISearchBar+Extension.swift */ = {isa = PBXFileReference; fileEncoding = 4; lastKnownFileType = sourcecode.swift; path = "UISearchBar+Extension.swift"; sourceTree = "<group>"; };
		9AA5EE45215E519D0037CBAA /* UITableView+Extension.swift */ = {isa = PBXFileReference; fileEncoding = 4; lastKnownFileType = sourcecode.swift; path = "UITableView+Extension.swift"; sourceTree = "<group>"; };
		9AA5EE46215E519D0037CBAA /* UITextField+Extenstion.swift */ = {isa = PBXFileReference; fileEncoding = 4; lastKnownFileType = sourcecode.swift; path = "UITextField+Extenstion.swift"; sourceTree = "<group>"; };
		9AA5EE47215E519D0037CBAA /* UIView+Extension.swift */ = {isa = PBXFileReference; fileEncoding = 4; lastKnownFileType = sourcecode.swift; path = "UIView+Extension.swift"; sourceTree = "<group>"; };
		9AA5EE48215E519D0037CBAA /* UIViewController+Extension.swift */ = {isa = PBXFileReference; fileEncoding = 4; lastKnownFileType = sourcecode.swift; path = "UIViewController+Extension.swift"; sourceTree = "<group>"; };
		9AA5EE5E215E526E0037CBAA /* Extenstion+Tests.swift */ = {isa = PBXFileReference; lastKnownFileType = sourcecode.swift; path = "Extenstion+Tests.swift"; sourceTree = "<group>"; };
		9AA5EE60215E53500037CBAA /* Application+Helper.swift */ = {isa = PBXFileReference; fileEncoding = 4; lastKnownFileType = sourcecode.swift; path = "Application+Helper.swift"; sourceTree = "<group>"; };
		9AA5EE63215E53CB0037CBAA /* BadgedBarButtonItem.swift */ = {isa = PBXFileReference; fileEncoding = 4; lastKnownFileType = sourcecode.swift; path = BadgedBarButtonItem.swift; sourceTree = "<group>"; };
		9AA5EE64215E53CB0037CBAA /* BaseTableViewController.swift */ = {isa = PBXFileReference; fileEncoding = 4; lastKnownFileType = sourcecode.swift; path = BaseTableViewController.swift; sourceTree = "<group>"; };
		9AA5EE65215E53CB0037CBAA /* BaseViewController.swift */ = {isa = PBXFileReference; fileEncoding = 4; lastKnownFileType = sourcecode.swift; path = BaseViewController.swift; sourceTree = "<group>"; };
		9AA5EE66215E53CB0037CBAA /* BlackContainerView.swift */ = {isa = PBXFileReference; fileEncoding = 4; lastKnownFileType = sourcecode.swift; path = BlackContainerView.swift; sourceTree = "<group>"; };
		9AA5EE67215E53CB0037CBAA /* CacheImageView.swift */ = {isa = PBXFileReference; fileEncoding = 4; lastKnownFileType = sourcecode.swift; path = CacheImageView.swift; sourceTree = "<group>"; };
		9AA5EE68215E53CB0037CBAA /* KeyChainItem.swift */ = {isa = PBXFileReference; fileEncoding = 4; lastKnownFileType = sourcecode.swift; path = KeyChainItem.swift; sourceTree = "<group>"; };
		9AA5EE69215E53CB0037CBAA /* Localization.swift */ = {isa = PBXFileReference; fileEncoding = 4; lastKnownFileType = sourcecode.swift; path = Localization.swift; sourceTree = "<group>"; };
		9AA5EE6A215E53CB0037CBAA /* LocationTracker.swift */ = {isa = PBXFileReference; fileEncoding = 4; lastKnownFileType = sourcecode.swift; path = LocationTracker.swift; sourceTree = "<group>"; };
		9AA5EE6B215E53CB0037CBAA /* ProgressView.swift */ = {isa = PBXFileReference; fileEncoding = 4; lastKnownFileType = sourcecode.swift; path = ProgressView.swift; sourceTree = "<group>"; };
		9AA5EE6C215E53CB0037CBAA /* RangeSlider.swift */ = {isa = PBXFileReference; fileEncoding = 4; lastKnownFileType = sourcecode.swift; path = RangeSlider.swift; sourceTree = "<group>"; };
		9AA5EE6D215E53CB0037CBAA /* RangeSliderThumbLayer.swift */ = {isa = PBXFileReference; fileEncoding = 4; lastKnownFileType = sourcecode.swift; path = RangeSliderThumbLayer.swift; sourceTree = "<group>"; };
		9AA5EE6E215E53CB0037CBAA /* RangeSliderTrackerLayer.swift */ = {isa = PBXFileReference; fileEncoding = 4; lastKnownFileType = sourcecode.swift; path = RangeSliderTrackerLayer.swift; sourceTree = "<group>"; };
		9AA5EE6F215E53CB0037CBAA /* RatingControl.swift */ = {isa = PBXFileReference; fileEncoding = 4; lastKnownFileType = sourcecode.swift; path = RatingControl.swift; sourceTree = "<group>"; };
		9AA5EE70215E53CB0037CBAA /* SwiftyButton.swift */ = {isa = PBXFileReference; fileEncoding = 4; lastKnownFileType = sourcecode.swift; path = SwiftyButton.swift; sourceTree = "<group>"; };
		9AA5EE7F215E53F80037CBAA /* ContainerViewController.swift */ = {isa = PBXFileReference; fileEncoding = 4; lastKnownFileType = sourcecode.swift; path = ContainerViewController.swift; sourceTree = "<group>"; };
		9AA5EE80215E53F80037CBAA /* SideMenuViewController.swift */ = {isa = PBXFileReference; fileEncoding = 4; lastKnownFileType = sourcecode.swift; path = SideMenuViewController.swift; sourceTree = "<group>"; };
		9AA5EE87215E543C0037CBAA /* MenuItemCell.swift */ = {isa = PBXFileReference; lastKnownFileType = sourcecode.swift; path = MenuItemCell.swift; sourceTree = "<group>"; };
		9AA5EE88215E543C0037CBAA /* MenuItemCell.xib */ = {isa = PBXFileReference; lastKnownFileType = file.xib; path = MenuItemCell.xib; sourceTree = "<group>"; };
/* End PBXFileReference section */

/* Begin PBXFrameworksBuildPhase section */
		9AA5EDFC215E50ED0037CBAA /* Frameworks */ = {
			isa = PBXFrameworksBuildPhase;
			buildActionMask = 2147483647;
			files = (
			);
			runOnlyForDeploymentPostprocessing = 0;
		};
		9AA5EE13215E50EF0037CBAA /* Frameworks */ = {
			isa = PBXFrameworksBuildPhase;
			buildActionMask = 2147483647;
			files = (
			);
			runOnlyForDeploymentPostprocessing = 0;
		};
		9AA5EE1E215E50EF0037CBAA /* Frameworks */ = {
			isa = PBXFrameworksBuildPhase;
			buildActionMask = 2147483647;
			files = (
			);
			runOnlyForDeploymentPostprocessing = 0;
		};
/* End PBXFrameworksBuildPhase section */

/* Begin PBXGroup section */
		9AA5EDF6215E50ED0037CBAA = {
			isa = PBXGroup;
			children = (
				9AA5EE01215E50ED0037CBAA /* ReusableModules */,
				9AA5EE19215E50EF0037CBAA /* ReusableModulesTests */,
				9AA5EE24215E50EF0037CBAA /* ReusableModulesUITests */,
				9AA5EE00215E50ED0037CBAA /* Products */,
			);
			sourceTree = "<group>";
		};
		9AA5EE00215E50ED0037CBAA /* Products */ = {
			isa = PBXGroup;
			children = (
				9AA5EDFF215E50ED0037CBAA /* ReusableModules.app */,
				9AA5EE16215E50EF0037CBAA /* ReusableModulesTests.xctest */,
				9AA5EE21215E50EF0037CBAA /* ReusableModulesUITests.xctest */,
			);
			name = Products;
			sourceTree = "<group>";
		};
		9AA5EE01215E50ED0037CBAA /* ReusableModules */ = {
			isa = PBXGroup;
			children = (
				9AA5EE60215E53500037CBAA /* Application+Helper.swift */,
				9AA5EE62215E53CB0037CBAA /* Wrappers */,
				9AA5EE33215E519D0037CBAA /* Extensions */,
				9AA5EE02215E50ED0037CBAA /* AppDelegate.swift */,
				9AA5EE04215E50ED0037CBAA /* ViewController.swift */,
				9AA5EE7F215E53F80037CBAA /* ContainerViewController.swift */,
				9AA5EE80215E53F80037CBAA /* SideMenuViewController.swift */,
				9AA5EE87215E543C0037CBAA /* MenuItemCell.swift */,
				9AA5EE88215E543C0037CBAA /* MenuItemCell.xib */,
				9AA5EE06215E50ED0037CBAA /* Main.storyboard */,
				9AA5EE0C215E50EF0037CBAA /* Assets.xcassets */,
				9AA5EE0E215E50EF0037CBAA /* LaunchScreen.storyboard */,
				9AA5EE11215E50EF0037CBAA /* Info.plist */,
				9AA5EE09215E50ED0037CBAA /* ReusableModules.xcdatamodeld */,
			);
			path = ReusableModules;
			sourceTree = "<group>";
		};
		9AA5EE19215E50EF0037CBAA /* ReusableModulesTests */ = {
			isa = PBXGroup;
			children = (
				9AA5EE1A215E50EF0037CBAA /* ReusableModulesTests.swift */,
				9AA5EE5E215E526E0037CBAA /* Extenstion+Tests.swift */,
				9AA5EE1C215E50EF0037CBAA /* Info.plist */,
			);
			path = ReusableModulesTests;
			sourceTree = "<group>";
		};
		9AA5EE24215E50EF0037CBAA /* ReusableModulesUITests */ = {
			isa = PBXGroup;
			children = (
				9AA5EE25215E50EF0037CBAA /* ReusableModulesUITests.swift */,
				9AA5EE27215E50EF0037CBAA /* Info.plist */,
			);
			path = ReusableModulesUITests;
			sourceTree = "<group>";
		};
		9AA5EE33215E519D0037CBAA /* Extensions */ = {
			isa = PBXGroup;
			children = (
				9AA5EE34215E519D0037CBAA /* App+Extension.swift */,
				9AA5EE35215E519D0037CBAA /* CLLocation+Extenstion.swift */,
				9AA5EE36215E519D0037CBAA /* CLPlacemark+Extention.swift */,
				9AA5EE37215E519D0037CBAA /* Decodable+Helper.swift */,
				9AA5EE38215E519D0037CBAA /* Enum+Extension.swift */,
				9AA5EE39215E519D0037CBAA /* FavExtenstion.swift */,
				9AA5EE3A215E519D0037CBAA /* Foundation+Extension.swift */,
				9AA5EE3B215E519D0037CBAA /* GMSMapView+Extension.swift */,
				9AA5EE3C215E519D0037CBAA /* String+Extension.swift */,
				9AA5EE3D215E519D0037CBAA /* String+Localization.swift */,
				9AA5EE3E215E519D0037CBAA /* UIAlertController+Extension.swift */,
				9AA5EE3F215E519D0037CBAA /* UIAlertController+TextField.swift */,
				9AA5EE40215E519D0037CBAA /* UICollectionView+Extension.swift */,
				9AA5EE41215E519D0037CBAA /* UIImage+Extension.swift */,
				9AA5EE42215E519D0037CBAA /* UIKit+Localized.swift */,
				9AA5EE43215E519D0037CBAA /* UINavigationViewController+Extenstion.swift */,
				9AA5EE44215E519D0037CBAA /* UISearchBar+Extension.swift */,
				9AA5EE45215E519D0037CBAA /* UITableView+Extension.swift */,
				9AA5EE46215E519D0037CBAA /* UITextField+Extenstion.swift */,
				9AA5EE47215E519D0037CBAA /* UIView+Extension.swift */,
				9AA5EE48215E519D0037CBAA /* UIViewController+Extension.swift */,
				9A3A3344219D3BE0007327C8 /* UIView+AutoLayout.swift */,
			);
			name = Extensions;
			path = ../../../Projects/Driver/Driver/Helper/Extensions;
			sourceTree = "<group>";
		};
		9AA5EE62215E53CB0037CBAA /* Wrappers */ = {
			isa = PBXGroup;
			children = (
				9AA5EE63215E53CB0037CBAA /* BadgedBarButtonItem.swift */,
				9AA5EE64215E53CB0037CBAA /* BaseTableViewController.swift */,
				9AA5EE65215E53CB0037CBAA /* BaseViewController.swift */,
				9AA5EE66215E53CB0037CBAA /* BlackContainerView.swift */,
				9AA5EE67215E53CB0037CBAA /* CacheImageView.swift */,
				9AA5EE68215E53CB0037CBAA /* KeyChainItem.swift */,
				9AA5EE69215E53CB0037CBAA /* Localization.swift */,
				9AA5EE6A215E53CB0037CBAA /* LocationTracker.swift */,
				9AA5EE6B215E53CB0037CBAA /* ProgressView.swift */,
				9AA5EE6C215E53CB0037CBAA /* RangeSlider.swift */,
				9AA5EE6D215E53CB0037CBAA /* RangeSliderThumbLayer.swift */,
				9AA5EE6E215E53CB0037CBAA /* RangeSliderTrackerLayer.swift */,
				9AA5EE6F215E53CB0037CBAA /* RatingControl.swift */,
				9AA5EE70215E53CB0037CBAA /* SwiftyButton.swift */,
				9A06E98A2191C3F400BE4FEF /* BaseViewModel.swift */,
				9A8004AC219A9D1100BDF849 /* UserDefaultHelper.swift */,
			);
			path = Wrappers;
			sourceTree = "<group>";
		};
/* End PBXGroup section */

/* Begin PBXNativeTarget section */
		9AA5EDFE215E50ED0037CBAA /* ReusableModules */ = {
			isa = PBXNativeTarget;
			buildConfigurationList = 9AA5EE2A215E50EF0037CBAA /* Build configuration list for PBXNativeTarget "ReusableModules" */;
			buildPhases = (
				9AA5EDFB215E50ED0037CBAA /* Sources */,
				9AA5EDFC215E50ED0037CBAA /* Frameworks */,
				9AA5EDFD215E50ED0037CBAA /* Resources */,
			);
			buildRules = (
			);
			dependencies = (
			);
			name = ReusableModules;
			productName = ReusableModules;
			productReference = 9AA5EDFF215E50ED0037CBAA /* ReusableModules.app */;
			productType = "com.apple.product-type.application";
		};
		9AA5EE15215E50EF0037CBAA /* ReusableModulesTests */ = {
			isa = PBXNativeTarget;
			buildConfigurationList = 9AA5EE2D215E50EF0037CBAA /* Build configuration list for PBXNativeTarget "ReusableModulesTests" */;
			buildPhases = (
				9AA5EE12215E50EF0037CBAA /* Sources */,
				9AA5EE13215E50EF0037CBAA /* Frameworks */,
				9AA5EE14215E50EF0037CBAA /* Resources */,
			);
			buildRules = (
			);
			dependencies = (
				9AA5EE18215E50EF0037CBAA /* PBXTargetDependency */,
			);
			name = ReusableModulesTests;
			productName = ReusableModulesTests;
			productReference = 9AA5EE16215E50EF0037CBAA /* ReusableModulesTests.xctest */;
			productType = "com.apple.product-type.bundle.unit-test";
		};
		9AA5EE20215E50EF0037CBAA /* ReusableModulesUITests */ = {
			isa = PBXNativeTarget;
			buildConfigurationList = 9AA5EE30215E50EF0037CBAA /* Build configuration list for PBXNativeTarget "ReusableModulesUITests" */;
			buildPhases = (
				9AA5EE1D215E50EF0037CBAA /* Sources */,
				9AA5EE1E215E50EF0037CBAA /* Frameworks */,
				9AA5EE1F215E50EF0037CBAA /* Resources */,
			);
			buildRules = (
			);
			dependencies = (
				9AA5EE23215E50EF0037CBAA /* PBXTargetDependency */,
			);
			name = ReusableModulesUITests;
			productName = ReusableModulesUITests;
			productReference = 9AA5EE21215E50EF0037CBAA /* ReusableModulesUITests.xctest */;
			productType = "com.apple.product-type.bundle.ui-testing";
		};
/* End PBXNativeTarget section */

/* Begin PBXProject section */
		9AA5EDF7215E50ED0037CBAA /* Project object */ = {
			isa = PBXProject;
			attributes = {
				LastSwiftUpdateCheck = 1000;
				LastUpgradeCheck = 1000;
				ORGANIZATIONNAME = "Mac mini";
				TargetAttributes = {
					9AA5EDFE215E50ED0037CBAA = {
						CreatedOnToolsVersion = 10.0;
					};
					9AA5EE15215E50EF0037CBAA = {
						CreatedOnToolsVersion = 10.0;
						TestTargetID = 9AA5EDFE215E50ED0037CBAA;
					};
					9AA5EE20215E50EF0037CBAA = {
						CreatedOnToolsVersion = 10.0;
						TestTargetID = 9AA5EDFE215E50ED0037CBAA;
					};
				};
			};
			buildConfigurationList = 9AA5EDFA215E50ED0037CBAA /* Build configuration list for PBXProject "ReusableModules" */;
			compatibilityVersion = "Xcode 9.3";
			developmentRegion = en;
			hasScannedForEncodings = 0;
			knownRegions = (
				en,
				Base,
			);
			mainGroup = 9AA5EDF6215E50ED0037CBAA;
			productRefGroup = 9AA5EE00215E50ED0037CBAA /* Products */;
			projectDirPath = "";
			projectRoot = "";
			targets = (
				9AA5EDFE215E50ED0037CBAA /* ReusableModules */,
				9AA5EE15215E50EF0037CBAA /* ReusableModulesTests */,
				9AA5EE20215E50EF0037CBAA /* ReusableModulesUITests */,
			);
		};
/* End PBXProject section */

/* Begin PBXResourcesBuildPhase section */
		9AA5EDFD215E50ED0037CBAA /* Resources */ = {
			isa = PBXResourcesBuildPhase;
			buildActionMask = 2147483647;
			files = (
				9AA5EE10215E50EF0037CBAA /* LaunchScreen.storyboard in Resources */,
				9AA5EE0D215E50EF0037CBAA /* Assets.xcassets in Resources */,
				9AA5EE08215E50ED0037CBAA /* Main.storyboard in Resources */,
			);
			runOnlyForDeploymentPostprocessing = 0;
		};
		9AA5EE14215E50EF0037CBAA /* Resources */ = {
			isa = PBXResourcesBuildPhase;
			buildActionMask = 2147483647;
			files = (
			);
			runOnlyForDeploymentPostprocessing = 0;
		};
		9AA5EE1F215E50EF0037CBAA /* Resources */ = {
			isa = PBXResourcesBuildPhase;
			buildActionMask = 2147483647;
			files = (
			);
			runOnlyForDeploymentPostprocessing = 0;
		};
/* End PBXResourcesBuildPhase section */

/* Begin PBXSourcesBuildPhase section */
		9AA5EDFB215E50ED0037CBAA /* Sources */ = {
			isa = PBXSourcesBuildPhase;
			buildActionMask = 2147483647;
			files = (
				9AA5EE5D215E519D0037CBAA /* UIViewController+Extension.swift in Sources */,
				9AA5EE55215E519D0037CBAA /* UICollectionView+Extension.swift in Sources */,
				9AA5EE81215E53F90037CBAA /* ContainerViewController.swift in Sources */,
				9AA5EE4F215E519D0037CBAA /* Foundation+Extension.swift in Sources */,
				9AA5EE5A215E519D0037CBAA /* UITableView+Extension.swift in Sources */,
				9A06E98B2191C3F400BE4FEF /* BaseViewModel.swift in Sources */,
				9AA5EE52215E519D0037CBAA /* String+Localization.swift in Sources */,
				9AA5EE73215E53CB0037CBAA /* BaseViewController.swift in Sources */,
				9AA5EE50215E519D0037CBAA /* GMSMapView+Extension.swift in Sources */,
				9AA5EE4A215E519D0037CBAA /* CLLocation+Extenstion.swift in Sources */,
				9A3A3345219D3BE0007327C8 /* UIView+AutoLayout.swift in Sources */,
				9AA5EE0B215E50ED0037CBAA /* ReusableModules.xcdatamodeld in Sources */,
				9AA5EE51215E519D0037CBAA /* String+Extension.swift in Sources */,
				9AA5EE4B215E519D0037CBAA /* CLPlacemark+Extention.swift in Sources */,
				9AA5EE7B215E53CB0037CBAA /* RangeSliderThumbLayer.swift in Sources */,
				9AA5EE82215E53F90037CBAA /* SideMenuViewController.swift in Sources */,
				9AA5EE05215E50ED0037CBAA /* ViewController.swift in Sources */,
				9AA5EE5C215E519D0037CBAA /* UIView+Extension.swift in Sources */,
				9AA5EE53215E519D0037CBAA /* UIAlertController+Extension.swift in Sources */,
				9AA5EE76215E53CB0037CBAA /* KeyChainItem.swift in Sources */,
				9AA5EE4D215E519D0037CBAA /* Enum+Extension.swift in Sources */,
				9AA5EE59215E519D0037CBAA /* UISearchBar+Extension.swift in Sources */,
				9AA5EE03215E50ED0037CBAA /* AppDelegate.swift in Sources */,
				9AA5EE56215E519D0037CBAA /* UIImage+Extension.swift in Sources */,
				9AA5EE4E215E519D0037CBAA /* FavExtenstion.swift in Sources */,
				9AA5EE72215E53CB0037CBAA /* BaseTableViewController.swift in Sources */,
				9AA5EE57215E519D0037CBAA /* UIKit+Localized.swift in Sources */,
				9AA5EE77215E53CB0037CBAA /* Localization.swift in Sources */,
				9AA5EE89215E543D0037CBAA /* MenuItemCell.swift in Sources */,
				9AA5EE79215E53CB0037CBAA /* ProgressView.swift in Sources */,
				9AA5EE75215E53CB0037CBAA /* CacheImageView.swift in Sources */,
				9A8004AD219A9D1100BDF849 /* UserDefaultHelper.swift in Sources */,
				9AA5EE7C215E53CB0037CBAA /* RangeSliderTrackerLayer.swift in Sources */,
				9AA5EE7E215E53CB0037CBAA /* SwiftyButton.swift in Sources */,
				9AA5EE71215E53CB0037CBAA /* BadgedBarButtonItem.swift in Sources */,
				9AA5EE7A215E53CB0037CBAA /* RangeSlider.swift in Sources */,
				9AA5EE61215E53500037CBAA /* Application+Helper.swift in Sources */,
				9AA5EE54215E519D0037CBAA /* UIAlertController+TextField.swift in Sources */,
				9AA5EE5B215E519D0037CBAA /* UITextField+Extenstion.swift in Sources */,
				9AA5EE7D215E53CB0037CBAA /* RatingControl.swift in Sources */,
				9AA5EE4C215E519D0037CBAA /* Decodable+Helper.swift in Sources */,
				9AA5EE78215E53CB0037CBAA /* LocationTracker.swift in Sources */,
				9AA5EE49215E519D0037CBAA /* App+Extension.swift in Sources */,
				9AA5EE74215E53CB0037CBAA /* BlackContainerView.swift in Sources */,
				9AA5EE58215E519D0037CBAA /* UINavigationViewController+Extenstion.swift in Sources */,
			);
			runOnlyForDeploymentPostprocessing = 0;
		};
		9AA5EE12215E50EF0037CBAA /* Sources */ = {
			isa = PBXSourcesBuildPhase;
			buildActionMask = 2147483647;
			files = (
				9AA5EE5F215E526E0037CBAA /* Extenstion+Tests.swift in Sources */,
				9AA5EE1B215E50EF0037CBAA /* ReusableModulesTests.swift in Sources */,
			);
			runOnlyForDeploymentPostprocessing = 0;
		};
		9AA5EE1D215E50EF0037CBAA /* Sources */ = {
			isa = PBXSourcesBuildPhase;
			buildActionMask = 2147483647;
			files = (
				9AA5EE26215E50EF0037CBAA /* ReusableModulesUITests.swift in Sources */,
			);
			runOnlyForDeploymentPostprocessing = 0;
		};
/* End PBXSourcesBuildPhase section */

/* Begin PBXTargetDependency section */
		9AA5EE18215E50EF0037CBAA /* PBXTargetDependency */ = {
			isa = PBXTargetDependency;
			target = 9AA5EDFE215E50ED0037CBAA /* ReusableModules */;
			targetProxy = 9AA5EE17215E50EF0037CBAA /* PBXContainerItemProxy */;
		};
		9AA5EE23215E50EF0037CBAA /* PBXTargetDependency */ = {
			isa = PBXTargetDependency;
			target = 9AA5EDFE215E50ED0037CBAA /* ReusableModules */;
			targetProxy = 9AA5EE22215E50EF0037CBAA /* PBXContainerItemProxy */;
		};
/* End PBXTargetDependency section */

/* Begin PBXVariantGroup section */
		9AA5EE06215E50ED0037CBAA /* Main.storyboard */ = {
			isa = PBXVariantGroup;
			children = (
				9AA5EE07215E50ED0037CBAA /* Base */,
			);
			name = Main.storyboard;
			sourceTree = "<group>";
		};
		9AA5EE0E215E50EF0037CBAA /* LaunchScreen.storyboard */ = {
			isa = PBXVariantGroup;
			children = (
				9AA5EE0F215E50EF0037CBAA /* Base */,
			);
			name = LaunchScreen.storyboard;
			sourceTree = "<group>";
		};
/* End PBXVariantGroup section */

/* Begin XCBuildConfiguration section */
		9AA5EE28215E50EF0037CBAA /* Debug */ = {
			isa = XCBuildConfiguration;
			buildSettings = {
				ALWAYS_SEARCH_USER_PATHS = NO;
				CLANG_ANALYZER_NONNULL = YES;
				CLANG_ANALYZER_NUMBER_OBJECT_CONVERSION = YES_AGGRESSIVE;
				CLANG_CXX_LANGUAGE_STANDARD = "gnu++14";
				CLANG_CXX_LIBRARY = "libc++";
				CLANG_ENABLE_MODULES = YES;
				CLANG_ENABLE_OBJC_ARC = YES;
				CLANG_ENABLE_OBJC_WEAK = YES;
				CLANG_WARN_BLOCK_CAPTURE_AUTORELEASING = YES;
				CLANG_WARN_BOOL_CONVERSION = YES;
				CLANG_WARN_COMMA = YES;
				CLANG_WARN_CONSTANT_CONVERSION = YES;
				CLANG_WARN_DEPRECATED_OBJC_IMPLEMENTATIONS = YES;
				CLANG_WARN_DIRECT_OBJC_ISA_USAGE = YES_ERROR;
				CLANG_WARN_DOCUMENTATION_COMMENTS = YES;
				CLANG_WARN_EMPTY_BODY = YES;
				CLANG_WARN_ENUM_CONVERSION = YES;
				CLANG_WARN_INFINITE_RECURSION = YES;
				CLANG_WARN_INT_CONVERSION = YES;
				CLANG_WARN_NON_LITERAL_NULL_CONVERSION = YES;
				CLANG_WARN_OBJC_IMPLICIT_RETAIN_SELF = YES;
				CLANG_WARN_OBJC_LITERAL_CONVERSION = YES;
				CLANG_WARN_OBJC_ROOT_CLASS = YES_ERROR;
				CLANG_WARN_RANGE_LOOP_ANALYSIS = YES;
				CLANG_WARN_STRICT_PROTOTYPES = YES;
				CLANG_WARN_SUSPICIOUS_MOVE = YES;
				CLANG_WARN_UNGUARDED_AVAILABILITY = YES_AGGRESSIVE;
				CLANG_WARN_UNREACHABLE_CODE = YES;
				CLANG_WARN__DUPLICATE_METHOD_MATCH = YES;
				CODE_SIGN_IDENTITY = "iPhone Developer";
				COPY_PHASE_STRIP = NO;
				DEBUG_INFORMATION_FORMAT = dwarf;
				ENABLE_STRICT_OBJC_MSGSEND = YES;
				ENABLE_TESTABILITY = YES;
				GCC_C_LANGUAGE_STANDARD = gnu11;
				GCC_DYNAMIC_NO_PIC = NO;
				GCC_NO_COMMON_BLOCKS = YES;
				GCC_OPTIMIZATION_LEVEL = 0;
				GCC_PREPROCESSOR_DEFINITIONS = (
					"DEBUG=1",
					"$(inherited)",
				);
				GCC_WARN_64_TO_32_BIT_CONVERSION = YES;
				GCC_WARN_ABOUT_RETURN_TYPE = YES_ERROR;
				GCC_WARN_UNDECLARED_SELECTOR = YES;
				GCC_WARN_UNINITIALIZED_AUTOS = YES_AGGRESSIVE;
				GCC_WARN_UNUSED_FUNCTION = YES;
				GCC_WARN_UNUSED_VARIABLE = YES;
				IPHONEOS_DEPLOYMENT_TARGET = 12.0;
				MTL_ENABLE_DEBUG_INFO = INCLUDE_SOURCE;
				MTL_FAST_MATH = YES;
				ONLY_ACTIVE_ARCH = YES;
				SDKROOT = iphoneos;
				SWIFT_ACTIVE_COMPILATION_CONDITIONS = DEBUG;
				SWIFT_OPTIMIZATION_LEVEL = "-Onone";
			};
			name = Debug;
		};
		9AA5EE29215E50EF0037CBAA /* Release */ = {
			isa = XCBuildConfiguration;
			buildSettings = {
				ALWAYS_SEARCH_USER_PATHS = NO;
				CLANG_ANALYZER_NONNULL = YES;
				CLANG_ANALYZER_NUMBER_OBJECT_CONVERSION = YES_AGGRESSIVE;
				CLANG_CXX_LANGUAGE_STANDARD = "gnu++14";
				CLANG_CXX_LIBRARY = "libc++";
				CLANG_ENABLE_MODULES = YES;
				CLANG_ENABLE_OBJC_ARC = YES;
				CLANG_ENABLE_OBJC_WEAK = YES;
				CLANG_WARN_BLOCK_CAPTURE_AUTORELEASING = YES;
				CLANG_WARN_BOOL_CONVERSION = YES;
				CLANG_WARN_COMMA = YES;
				CLANG_WARN_CONSTANT_CONVERSION = YES;
				CLANG_WARN_DEPRECATED_OBJC_IMPLEMENTATIONS = YES;
				CLANG_WARN_DIRECT_OBJC_ISA_USAGE = YES_ERROR;
				CLANG_WARN_DOCUMENTATION_COMMENTS = YES;
				CLANG_WARN_EMPTY_BODY = YES;
				CLANG_WARN_ENUM_CONVERSION = YES;
				CLANG_WARN_INFINITE_RECURSION = YES;
				CLANG_WARN_INT_CONVERSION = YES;
				CLANG_WARN_NON_LITERAL_NULL_CONVERSION = YES;
				CLANG_WARN_OBJC_IMPLICIT_RETAIN_SELF = YES;
				CLANG_WARN_OBJC_LITERAL_CONVERSION = YES;
				CLANG_WARN_OBJC_ROOT_CLASS = YES_ERROR;
				CLANG_WARN_RANGE_LOOP_ANALYSIS = YES;
				CLANG_WARN_STRICT_PROTOTYPES = YES;
				CLANG_WARN_SUSPICIOUS_MOVE = YES;
				CLANG_WARN_UNGUARDED_AVAILABILITY = YES_AGGRESSIVE;
				CLANG_WARN_UNREACHABLE_CODE = YES;
				CLANG_WARN__DUPLICATE_METHOD_MATCH = YES;
				CODE_SIGN_IDENTITY = "iPhone Developer";
				COPY_PHASE_STRIP = NO;
				DEBUG_INFORMATION_FORMAT = "dwarf-with-dsym";
				ENABLE_NS_ASSERTIONS = NO;
				ENABLE_STRICT_OBJC_MSGSEND = YES;
				GCC_C_LANGUAGE_STANDARD = gnu11;
				GCC_NO_COMMON_BLOCKS = YES;
				GCC_WARN_64_TO_32_BIT_CONVERSION = YES;
				GCC_WARN_ABOUT_RETURN_TYPE = YES_ERROR;
				GCC_WARN_UNDECLARED_SELECTOR = YES;
				GCC_WARN_UNINITIALIZED_AUTOS = YES_AGGRESSIVE;
				GCC_WARN_UNUSED_FUNCTION = YES;
				GCC_WARN_UNUSED_VARIABLE = YES;
				IPHONEOS_DEPLOYMENT_TARGET = 12.0;
				MTL_ENABLE_DEBUG_INFO = NO;
				MTL_FAST_MATH = YES;
				SDKROOT = iphoneos;
				SWIFT_COMPILATION_MODE = wholemodule;
				SWIFT_OPTIMIZATION_LEVEL = "-O";
				VALIDATE_PRODUCT = YES;
			};
			name = Release;
		};
		9AA5EE2B215E50EF0037CBAA /* Debug */ = {
			isa = XCBuildConfiguration;
			buildSettings = {
				ASSETCATALOG_COMPILER_APPICON_NAME = AppIcon;
				CODE_SIGN_STYLE = Automatic;
				DEVELOPMENT_TEAM = ZNSAX2A46B;
				INFOPLIST_FILE = ReusableModules/Info.plist;
				LD_RUNPATH_SEARCH_PATHS = (
					"$(inherited)",
					"@executable_path/Frameworks",
				);
				PRODUCT_BUNDLE_IDENTIFIER = com.gitHub.suryakant.ReusableModules;
				PRODUCT_NAME = "$(TARGET_NAME)";
				SWIFT_VERSION = 4.2;
				TARGETED_DEVICE_FAMILY = "1,2";
			};
			name = Debug;
		};
		9AA5EE2C215E50EF0037CBAA /* Release */ = {
			isa = XCBuildConfiguration;
			buildSettings = {
				ASSETCATALOG_COMPILER_APPICON_NAME = AppIcon;
				CODE_SIGN_STYLE = Automatic;
				DEVELOPMENT_TEAM = ZNSAX2A46B;
				INFOPLIST_FILE = ReusableModules/Info.plist;
				LD_RUNPATH_SEARCH_PATHS = (
					"$(inherited)",
					"@executable_path/Frameworks",
				);
				PRODUCT_BUNDLE_IDENTIFIER = com.gitHub.suryakant.ReusableModules;
				PRODUCT_NAME = "$(TARGET_NAME)";
				SWIFT_VERSION = 4.2;
				TARGETED_DEVICE_FAMILY = "1,2";
			};
			name = Release;
		};
		9AA5EE2E215E50EF0037CBAA /* Debug */ = {
			isa = XCBuildConfiguration;
			buildSettings = {
				ALWAYS_EMBED_SWIFT_STANDARD_LIBRARIES = YES;
				BUNDLE_LOADER = "$(TEST_HOST)";
				CODE_SIGN_STYLE = Automatic;
				DEVELOPMENT_TEAM = ZNSAX2A46B;
				INFOPLIST_FILE = ReusableModulesTests/Info.plist;
				LD_RUNPATH_SEARCH_PATHS = (
					"$(inherited)",
					"@executable_path/Frameworks",
					"@loader_path/Frameworks",
				);
				PRODUCT_BUNDLE_IDENTIFIER = com.gitHub.suryakant.ReusableModulesTests;
				PRODUCT_NAME = "$(TARGET_NAME)";
				SWIFT_VERSION = 4.2;
				TARGETED_DEVICE_FAMILY = "1,2";
				TEST_HOST = "$(BUILT_PRODUCTS_DIR)/ReusableModules.app/ReusableModules";
			};
			name = Debug;
		};
		9AA5EE2F215E50EF0037CBAA /* Release */ = {
			isa = XCBuildConfiguration;
			buildSettings = {
				ALWAYS_EMBED_SWIFT_STANDARD_LIBRARIES = YES;
				BUNDLE_LOADER = "$(TEST_HOST)";
				CODE_SIGN_STYLE = Automatic;
				DEVELOPMENT_TEAM = ZNSAX2A46B;
				INFOPLIST_FILE = ReusableModulesTests/Info.plist;
				LD_RUNPATH_SEARCH_PATHS = (
					"$(inherited)",
					"@executable_path/Frameworks",
					"@loader_path/Frameworks",
				);
				PRODUCT_BUNDLE_IDENTIFIER = com.gitHub.suryakant.ReusableModulesTests;
				PRODUCT_NAME = "$(TARGET_NAME)";
				SWIFT_VERSION = 4.2;
				TARGETED_DEVICE_FAMILY = "1,2";
				TEST_HOST = "$(BUILT_PRODUCTS_DIR)/ReusableModules.app/ReusableModules";
			};
			name = Release;
		};
		9AA5EE31215E50EF0037CBAA /* Debug */ = {
			isa = XCBuildConfiguration;
			buildSettings = {
				ALWAYS_EMBED_SWIFT_STANDARD_LIBRARIES = YES;
				CODE_SIGN_STYLE = Automatic;
				DEVELOPMENT_TEAM = ZNSAX2A46B;
				INFOPLIST_FILE = ReusableModulesUITests/Info.plist;
				LD_RUNPATH_SEARCH_PATHS = (
					"$(inherited)",
					"@executable_path/Frameworks",
					"@loader_path/Frameworks",
				);
				PRODUCT_BUNDLE_IDENTIFIER = com.gitHub.suryakant.ReusableModulesUITests;
				PRODUCT_NAME = "$(TARGET_NAME)";
				SWIFT_VERSION = 4.2;
				TARGETED_DEVICE_FAMILY = "1,2";
				TEST_TARGET_NAME = ReusableModules;
			};
			name = Debug;
		};
		9AA5EE32215E50EF0037CBAA /* Release */ = {
			isa = XCBuildConfiguration;
			buildSettings = {
				ALWAYS_EMBED_SWIFT_STANDARD_LIBRARIES = YES;
				CODE_SIGN_STYLE = Automatic;
				DEVELOPMENT_TEAM = ZNSAX2A46B;
				INFOPLIST_FILE = ReusableModulesUITests/Info.plist;
				LD_RUNPATH_SEARCH_PATHS = (
					"$(inherited)",
					"@executable_path/Frameworks",
					"@loader_path/Frameworks",
				);
				PRODUCT_BUNDLE_IDENTIFIER = com.gitHub.suryakant.ReusableModulesUITests;
				PRODUCT_NAME = "$(TARGET_NAME)";
				SWIFT_VERSION = 4.2;
				TARGETED_DEVICE_FAMILY = "1,2";
				TEST_TARGET_NAME = ReusableModules;
			};
			name = Release;
		};
/* End XCBuildConfiguration section */

/* Begin XCConfigurationList section */
		9AA5EDFA215E50ED0037CBAA /* Build configuration list for PBXProject "ReusableModules" */ = {
			isa = XCConfigurationList;
			buildConfigurations = (
				9AA5EE28215E50EF0037CBAA /* Debug */,
				9AA5EE29215E50EF0037CBAA /* Release */,
			);
			defaultConfigurationIsVisible = 0;
			defaultConfigurationName = Release;
		};
		9AA5EE2A215E50EF0037CBAA /* Build configuration list for PBXNativeTarget "ReusableModules" */ = {
			isa = XCConfigurationList;
			buildConfigurations = (
				9AA5EE2B215E50EF0037CBAA /* Debug */,
				9AA5EE2C215E50EF0037CBAA /* Release */,
			);
			defaultConfigurationIsVisible = 0;
			defaultConfigurationName = Release;
		};
		9AA5EE2D215E50EF0037CBAA /* Build configuration list for PBXNativeTarget "ReusableModulesTests" */ = {
			isa = XCConfigurationList;
			buildConfigurations = (
				9AA5EE2E215E50EF0037CBAA /* Debug */,
				9AA5EE2F215E50EF0037CBAA /* Release */,
			);
			defaultConfigurationIsVisible = 0;
			defaultConfigurationName = Release;
		};
		9AA5EE30215E50EF0037CBAA /* Build configuration list for PBXNativeTarget "ReusableModulesUITests" */ = {
			isa = XCConfigurationList;
			buildConfigurations = (
				9AA5EE31215E50EF0037CBAA /* Debug */,
				9AA5EE32215E50EF0037CBAA /* Release */,
			);
			defaultConfigurationIsVisible = 0;
			defaultConfigurationName = Release;
		};
/* End XCConfigurationList section */

/* Begin XCVersionGroup section */
		9AA5EE09215E50ED0037CBAA /* ReusableModules.xcdatamodeld */ = {
			isa = XCVersionGroup;
			children = (
				9AA5EE0A215E50ED0037CBAA /* ReusableModules.xcdatamodel */,
			);
			currentVersion = 9AA5EE0A215E50ED0037CBAA /* ReusableModules.xcdatamodel */;
			path = ReusableModules.xcdatamodeld;
			sourceTree = "<group>";
			versionGroupType = wrapper.xcdatamodel;
		};
/* End XCVersionGroup section */
	};
	rootObject = 9AA5EDF7215E50ED0037CBAA /* Project object */;
}
